
Microsoft Visual Studio Solution File, Format Version 12.00
# Visual Studio 15
VisualStudioVersion = 15.0.28307.168
MinimumVisualStudioVersion = 10.0.40219.1
Project("{FAE04EC0-301F-11D3-BF4B-00C04F79EFBC}") = "UI", "UI\UI.csproj", "{E842025C-71FD-4AFD-BED7-FE2BE591EF0C}"
EndProject
Project("{FAE04EC0-301F-11D3-BF4B-00C04F79EFBC}") = "BL", "BL\BL.csproj", "{9B0C4173-D26B-4F94-87B4-7348560E1735}"
EndProject
Global
	GlobalSection(SolutionConfigurationPlatforms) = preSolution
		Debug|Any CPU = Debug|Any CPU
		Release|Any CPU = Release|Any CPU
	EndGlobalSection
	GlobalSection(ProjectConfigurationPlatforms) = postSolution
		{E842025C-71FD-4AFD-BED7-FE2BE591EF0C}.Debug|Any CPU.ActiveCfg = Debug|Any CPU
		{E842025C-71FD-4AFD-BED7-FE2BE591EF0C}.Debug|Any CPU.Build.0 = Debug|Any CPU
		{E842025C-71FD-4AFD-BED7-FE2BE591EF0C}.Release|Any CPU.ActiveCfg = Release|Any CPU
		{E842025C-71FD-4AFD-BED7-FE2BE591EF0C}.Release|Any CPU.Build.0 = Release|Any CPU
		{9B0C4173-D26B-4F94-87B4-7348560E1735}.Debug|Any CPU.ActiveCfg = Debug|Any CPU
		{9B0C4173-D26B-4F94-87B4-7348560E1735}.Debug|Any CPU.Build.0 = Debug|Any CPU
		{9B0C4173-D26B-4F94-87B4-7348560E1735}.Release|Any CPU.ActiveCfg = Release|Any CPU
		{9B0C4173-D26B-4F94-87B4-7348560E1735}.Release|Any CPU.Build.0 = Release|Any CPU
	EndGlobalSection
	GlobalSection(SolutionProperties) = preSolution
		HideSolutionNode = FALSE
	EndGlobalSection
	GlobalSection(ExtensibilityGlobals) = postSolution
		SolutionGuid = {ACF7F868-AAD9-4416-8D43-FF1461099241}
	EndGlobalSection
EndGlobal
